
Microsoft Visual Studio Solution File, Format Version 12.00
# Visual Studio Version 16
VisualStudioVersion = 16.0.31410.357
MinimumVisualStudioVersion = 10.0.40219.1
Project("{FAE04EC0-301F-11D3-BF4B-00C04F79EFBC}") = "HaifCredito", "HaifCredito\HaifCredito.csproj", "{52B7F385-C923-4F51-AEA4-22B65787B5C2}"
EndProject
Global
	GlobalSection(SolutionConfigurationPlatforms) = preSolution
		Debug|Any CPU = Debug|Any CPU
		Release|Any CPU = Release|Any CPU
	EndGlobalSection
	GlobalSection(ProjectConfigurationPlatforms) = postSolution
		{52B7F385-C923-4F51-AEA4-22B65787B5C2}.Debug|Any CPU.ActiveCfg = Debug|Any CPU
		{52B7F385-C923-4F51-AEA4-22B65787B5C2}.Debug|Any CPU.Build.0 = Debug|Any CPU
		{52B7F385-C923-4F51-AEA4-22B65787B5C2}.Release|Any CPU.ActiveCfg = Release|Any CPU
		{52B7F385-C923-4F51-AEA4-22B65787B5C2}.Release|Any CPU.Build.0 = Release|Any CPU
	EndGlobalSection
	GlobalSection(SolutionProperties) = preSolution
		HideSolutionNode = FALSE
	EndGlobalSection
	GlobalSection(ExtensibilityGlobals) = postSolution
		SolutionGuid = {B537E5BE-80FC-47EF-A6EF-7DD7B3A41289}
	EndGlobalSection
EndGlobal
